// !$*UTF8*$!
{
	archiveVersion = 1;
	classes = {
	};
	objectVersion = 55;
	objects = {

/* Begin PBXBuildFile section */
		05D9134D2843526D00905309 /* BulleyesApp.swift in Sources */ = {isa = PBXBuildFile; fileRef = 05D9134C2843526D00905309 /* BulleyesApp.swift */; };
		05D9134F2843526D00905309 /* ContentView.swift in Sources */ = {isa = PBXBuildFile; fileRef = 05D9134E2843526D00905309 /* ContentView.swift */; };
		05D913512843527000905309 /* Assets.xcassets in Resources */ = {isa = PBXBuildFile; fileRef = 05D913502843527000905309 /* Assets.xcassets */; };
		05D913542843527000905309 /* Preview Assets.xcassets in Resources */ = {isa = PBXBuildFile; fileRef = 05D913532843527000905309 /* Preview Assets.xcassets */; };
		05D9135E2843527100905309 /* BulleyesTests.swift in Sources */ = {isa = PBXBuildFile; fileRef = 05D9135D2843527100905309 /* BulleyesTests.swift */; };
		05D913682843527100905309 /* BulleyesUITests.swift in Sources */ = {isa = PBXBuildFile; fileRef = 05D913672843527100905309 /* BulleyesUITests.swift */; };
		05D9136A2843527100905309 /* BulleyesUITestsLaunchTests.swift in Sources */ = {isa = PBXBuildFile; fileRef = 05D913692843527100905309 /* BulleyesUITestsLaunchTests.swift */; };
		05EFF420284AFDC900039AAE /* Game.swift in Sources */ = {isa = PBXBuildFile; fileRef = 05EFF41F284AFDC900039AAE /* Game.swift */; };
/* End PBXBuildFile section */

/* Begin PBXContainerItemProxy section */
		05D9135A2843527100905309 /* PBXContainerItemProxy */ = {
			isa = PBXContainerItemProxy;
			containerPortal = 05D913412843526C00905309 /* Project object */;
			proxyType = 1;
			remoteGlobalIDString = 05D913482843526D00905309;
			remoteInfo = Bulleyes;
		};
		05D913642843527100905309 /* PBXContainerItemProxy */ = {
			isa = PBXContainerItemProxy;
			containerPortal = 05D913412843526C00905309 /* Project object */;
			proxyType = 1;
			remoteGlobalIDString = 05D913482843526D00905309;
			remoteInfo = Bulleyes;
		};
/* End PBXContainerItemProxy section */

/* Begin PBXFileReference section */
		05D913492843526D00905309 /* Bulleyes.app */ = {isa = PBXFileReference; explicitFileType = wrapper.application; includeInIndex = 0; path = Bulleyes.app; sourceTree = BUILT_PRODUCTS_DIR; };
		05D9134C2843526D00905309 /* BulleyesApp.swift */ = {isa = PBXFileReference; lastKnownFileType = sourcecode.swift; path = BulleyesApp.swift; sourceTree = "<group>"; };
		05D9134E2843526D00905309 /* ContentView.swift */ = {isa = PBXFileReference; lastKnownFileType = sourcecode.swift; path = ContentView.swift; sourceTree = "<group>"; };
		05D913502843527000905309 /* Assets.xcassets */ = {isa = PBXFileReference; lastKnownFileType = folder.assetcatalog; path = Assets.xcassets; sourceTree = "<group>"; };
		05D913532843527000905309 /* Preview Assets.xcassets */ = {isa = PBXFileReference; lastKnownFileType = folder.assetcatalog; path = "Preview Assets.xcassets"; sourceTree = "<group>"; };
		05D913592843527100905309 /* BulleyesTests.xctest */ = {isa = PBXFileReference; explicitFileType = wrapper.cfbundle; includeInIndex = 0; path = BulleyesTests.xctest; sourceTree = BUILT_PRODUCTS_DIR; };
		05D9135D2843527100905309 /* BulleyesTests.swift */ = {isa = PBXFileReference; lastKnownFileType = sourcecode.swift; path = BulleyesTests.swift; sourceTree = "<group>"; };
		05D913632843527100905309 /* BulleyesUITests.xctest */ = {isa = PBXFileReference; explicitFileType = wrapper.cfbundle; includeInIndex = 0; path = BulleyesUITests.xctest; sourceTree = BUILT_PRODUCTS_DIR; };
		05D913672843527100905309 /* BulleyesUITests.swift */ = {isa = PBXFileReference; lastKnownFileType = sourcecode.swift; path = BulleyesUITests.swift; sourceTree = "<group>"; };
		05D913692843527100905309 /* BulleyesUITestsLaunchTests.swift */ = {isa = PBXFileReference; lastKnownFileType = sourcecode.swift; path = BulleyesUITestsLaunchTests.swift; sourceTree = "<group>"; };
		05EFF41F284AFDC900039AAE /* Game.swift */ = {isa = PBXFileReference; lastKnownFileType = sourcecode.swift; path = Game.swift; sourceTree = "<group>"; };
/* End PBXFileReference section */

/* Begin PBXFrameworksBuildPhase section */
		05D913462843526D00905309 /* Frameworks */ = {
			isa = PBXFrameworksBuildPhase;
			buildActionMask = 2147483647;
			files = (
			);
			runOnlyForDeploymentPostprocessing = 0;
		};
		05D913562843527100905309 /* Frameworks */ = {
			isa = PBXFrameworksBuildPhase;
			buildActionMask = 2147483647;
			files = (
			);
			runOnlyForDeploymentPostprocessing = 0;
		};
		05D913602843527100905309 /* Frameworks */ = {
			isa = PBXFrameworksBuildPhase;
			buildActionMask = 2147483647;
			files = (
			);
			runOnlyForDeploymentPostprocessing = 0;
		};
/* End PBXFrameworksBuildPhase section */

/* Begin PBXGroup section */
		05D913402843526C00905309 = {
			isa = PBXGroup;
			children = (
				05D9134B2843526D00905309 /* Bulleyes */,
				05D9135C2843527100905309 /* BulleyesTests */,
				05D913662843527100905309 /* BulleyesUITests */,
				05D9134A2843526D00905309 /* Products */,
			);
			sourceTree = "<group>";
		};
		05D9134A2843526D00905309 /* Products */ = {
			isa = PBXGroup;
			children = (
				05D913492843526D00905309 /* Bulleyes.app */,
				05D913592843527100905309 /* BulleyesTests.xctest */,
				05D913632843527100905309 /* BulleyesUITests.xctest */,
			);
			name = Products;
			sourceTree = "<group>";
		};
		05D9134B2843526D00905309 /* Bulleyes */ = {
			isa = PBXGroup;
			children = (
				05EFF41E284AFD4700039AAE /* Models */,
				05EFF41D284AFD0B00039AAE /* Views */,
				05EFF41C284AFD0500039AAE /* App */,
			);
			path = Bulleyes;
			sourceTree = "<group>";
		};
		05D913522843527000905309 /* Preview Content */ = {
			isa = PBXGroup;
			children = (
				05D913532843527000905309 /* Preview Assets.xcassets */,
			);
			path = "Preview Content";
			sourceTree = "<group>";
		};
		05D9135C2843527100905309 /* BulleyesTests */ = {
			isa = PBXGroup;
			children = (
				05D9135D2843527100905309 /* BulleyesTests.swift */,
			);
			path = BulleyesTests;
			sourceTree = "<group>";
		};
		05D913662843527100905309 /* BulleyesUITests */ = {
			isa = PBXGroup;
			children = (
				05D913672843527100905309 /* BulleyesUITests.swift */,
				05D913692843527100905309 /* BulleyesUITestsLaunchTests.swift */,
			);
			path = BulleyesUITests;
			sourceTree = "<group>";
		};
		05EFF41C284AFD0500039AAE /* App */ = {
			isa = PBXGroup;
			children = (
				05D9134C2843526D00905309 /* BulleyesApp.swift */,
				05D913502843527000905309 /* Assets.xcassets */,
				05D913522843527000905309 /* Preview Content */,
			);
			path = App;
			sourceTree = "<group>";
		};
		05EFF41D284AFD0B00039AAE /* Views */ = {
			isa = PBXGroup;
			children = (
				05D9134E2843526D00905309 /* ContentView.swift */,
			);
			path = Views;
			sourceTree = "<group>";
		};
		05EFF41E284AFD4700039AAE /* Models */ = {
			isa = PBXGroup;
			children = (
				05EFF41F284AFDC900039AAE /* Game.swift */,
			);
			path = Models;
			sourceTree = "<group>";
		};
/* End PBXGroup section */

/* Begin PBXNativeTarget section */
		05D913482843526D00905309 /* Bulleyes */ = {
			isa = PBXNativeTarget;
			buildConfigurationList = 05D9136D2843527100905309 /* Build configuration list for PBXNativeTarget "Bulleyes" */;
			buildPhases = (
				05D913452843526D00905309 /* Sources */,
				05D913462843526D00905309 /* Frameworks */,
				05D913472843526D00905309 /* Resources */,
			);
			buildRules = (
			);
			dependencies = (
			);
			name = Bulleyes;
			productName = Bulleyes;
			productReference = 05D913492843526D00905309 /* Bulleyes.app */;
			productType = "com.apple.product-type.application";
		};
		05D913582843527100905309 /* BulleyesTests */ = {
			isa = PBXNativeTarget;
			buildConfigurationList = 05D913702843527100905309 /* Build configuration list for PBXNativeTarget "BulleyesTests" */;
			buildPhases = (
				05D913552843527100905309 /* Sources */,
				05D913562843527100905309 /* Frameworks */,
				05D913572843527100905309 /* Resources */,
			);
			buildRules = (
			);
			dependencies = (
				05D9135B2843527100905309 /* PBXTargetDependency */,
			);
			name = BulleyesTests;
			productName = BulleyesTests;
			productReference = 05D913592843527100905309 /* BulleyesTests.xctest */;
			productType = "com.apple.product-type.bundle.unit-test";
		};
		05D913622843527100905309 /* BulleyesUITests */ = {
			isa = PBXNativeTarget;
			buildConfigurationList = 05D913732843527100905309 /* Build configuration list for PBXNativeTarget "BulleyesUITests" */;
			buildPhases = (
				05D9135F2843527100905309 /* Sources */,
				05D913602843527100905309 /* Frameworks */,
				05D913612843527100905309 /* Resources */,
			);
			buildRules = (
			);
			dependencies = (
				05D913652843527100905309 /* PBXTargetDependency */,
			);
			name = BulleyesUITests;
			productName = BulleyesUITests;
			productReference = 05D913632843527100905309 /* BulleyesUITests.xctest */;
			productType = "com.apple.product-type.bundle.ui-testing";
		};
/* End PBXNativeTarget section */

/* Begin PBXProject section */
		05D913412843526C00905309 /* Project object */ = {
			isa = PBXProject;
			attributes = {
				BuildIndependentTargetsInParallel = 1;
				LastSwiftUpdateCheck = 1330;
				LastUpgradeCheck = 1330;
				TargetAttributes = {
					05D913482843526D00905309 = {
						CreatedOnToolsVersion = 13.3.1;
					};
					05D913582843527100905309 = {
						CreatedOnToolsVersion = 13.3.1;
						TestTargetID = 05D913482843526D00905309;
					};
					05D913622843527100905309 = {
						CreatedOnToolsVersion = 13.3.1;
						TestTargetID = 05D913482843526D00905309;
					};
				};
			};
			buildConfigurationList = 05D913442843526C00905309 /* Build configuration list for PBXProject "Bulleyes" */;
			compatibilityVersion = "Xcode 13.0";
			developmentRegion = en;
			hasScannedForEncodings = 0;
			knownRegions = (
				en,
				Base,
			);
			mainGroup = 05D913402843526C00905309;
			productRefGroup = 05D9134A2843526D00905309 /* Products */;
			projectDirPath = "";
			projectRoot = "";
			targets = (
				05D913482843526D00905309 /* Bulleyes */,
				05D913582843527100905309 /* BulleyesTests */,
				05D913622843527100905309 /* BulleyesUITests */,
			);
		};
/* End PBXProject section */

/* Begin PBXResourcesBuildPhase section */
		05D913472843526D00905309 /* Resources */ = {
			isa = PBXResourcesBuildPhase;
			buildActionMask = 2147483647;
			files = (
				05D913542843527000905309 /* Preview Assets.xcassets in Resources */,
				05D913512843527000905309 /* Assets.xcassets in Resources */,
			);
			runOnlyForDeploymentPostprocessing = 0;
		};
		05D913572843527100905309 /* Resources */ = {
			isa = PBXResourcesBuildPhase;
			buildActionMask = 2147483647;
			files = (
			);
			runOnlyForDeploymentPostprocessing = 0;
		};
		05D913612843527100905309 /* Resources */ = {
			isa = PBXResourcesBuildPhase;
			buildActionMask = 2147483647;
			files = (
			);
			runOnlyForDeploymentPostprocessing = 0;
		};
/* End PBXResourcesBuildPhase section */

/* Begin PBXSourcesBuildPhase section */
		05D913452843526D00905309 /* Sources */ = {
			isa = PBXSourcesBuildPhase;
			buildActionMask = 2147483647;
			files = (
				05D9134F2843526D00905309 /* ContentView.swift in Sources */,
				05EFF420284AFDC900039AAE /* Game.swift in Sources */,
				05D9134D2843526D00905309 /* BulleyesApp.swift in Sources */,
			);
			runOnlyForDeploymentPostprocessing = 0;
		};
		05D913552843527100905309 /* Sources */ = {
			isa = PBXSourcesBuildPhase;
			buildActionMask = 2147483647;
			files = (
				05D9135E2843527100905309 /* BulleyesTests.swift in Sources */,
			);
			runOnlyForDeploymentPostprocessing = 0;
		};
		05D9135F2843527100905309 /* Sources */ = {
			isa = PBXSourcesBuildPhase;
			buildActionMask = 2147483647;
			files = (
				05D9136A2843527100905309 /* BulleyesUITestsLaunchTests.swift in Sources */,
				05D913682843527100905309 /* BulleyesUITests.swift in Sources */,
			);
			runOnlyForDeploymentPostprocessing = 0;
		};
/* End PBXSourcesBuildPhase section */

/* Begin PBXTargetDependency section */
		05D9135B2843527100905309 /* PBXTargetDependency */ = {
			isa = PBXTargetDependency;
			target = 05D913482843526D00905309 /* Bulleyes */;
			targetProxy = 05D9135A2843527100905309 /* PBXContainerItemProxy */;
		};
		05D913652843527100905309 /* PBXTargetDependency */ = {
			isa = PBXTargetDependency;
			target = 05D913482843526D00905309 /* Bulleyes */;
			targetProxy = 05D913642843527100905309 /* PBXContainerItemProxy */;
		};
/* End PBXTargetDependency section */

/* Begin XCBuildConfiguration section */
		05D9136B2843527100905309 /* Debug */ = {
			isa = XCBuildConfiguration;
			buildSettings = {
				ALWAYS_SEARCH_USER_PATHS = NO;
				CLANG_ANALYZER_NONNULL = YES;
				CLANG_ANALYZER_NUMBER_OBJECT_CONVERSION = YES_AGGRESSIVE;
				CLANG_CXX_LANGUAGE_STANDARD = "gnu++17";
				CLANG_ENABLE_MODULES = YES;
				CLANG_ENABLE_OBJC_ARC = YES;
				CLANG_ENABLE_OBJC_WEAK = YES;
				CLANG_WARN_BLOCK_CAPTURE_AUTORELEASING = YES;
				CLANG_WARN_BOOL_CONVERSION = YES;
				CLANG_WARN_COMMA = YES;
				CLANG_WARN_CONSTANT_CONVERSION = YES;
				CLANG_WARN_DEPRECATED_OBJC_IMPLEMENTATIONS = YES;
				CLANG_WARN_DIRECT_OBJC_ISA_USAGE = YES_ERROR;
				CLANG_WARN_DOCUMENTATION_COMMENTS = YES;
				CLANG_WARN_EMPTY_BODY = YES;
				CLANG_WARN_ENUM_CONVERSION = YES;
				CLANG_WARN_INFINITE_RECURSION = YES;
				CLANG_WARN_INT_CONVERSION = YES;
				CLANG_WARN_NON_LITERAL_NULL_CONVERSION = YES;
				CLANG_WARN_OBJC_IMPLICIT_RETAIN_SELF = YES;
				CLANG_WARN_OBJC_LITERAL_CONVERSION = YES;
				CLANG_WARN_OBJC_ROOT_CLASS = YES_ERROR;
				CLANG_WARN_QUOTED_INCLUDE_IN_FRAMEWORK_HEADER = YES;
				CLANG_WARN_RANGE_LOOP_ANALYSIS = YES;
				CLANG_WARN_STRICT_PROTOTYPES = YES;
				CLANG_WARN_SUSPICIOUS_MOVE = YES;
				CLANG_WARN_UNGUARDED_AVAILABILITY = YES_AGGRESSIVE;
				CLANG_WARN_UNREACHABLE_CODE = YES;
				CLANG_WARN__DUPLICATE_METHOD_MATCH = YES;
				COPY_PHASE_STRIP = NO;
				DEBUG_INFORMATION_FORMAT = dwarf;
				ENABLE_STRICT_OBJC_MSGSEND = YES;
				ENABLE_TESTABILITY = YES;
				GCC_C_LANGUAGE_STANDARD = gnu11;
				GCC_DYNAMIC_NO_PIC = NO;
				GCC_NO_COMMON_BLOCKS = YES;
				GCC_OPTIMIZATION_LEVEL = 0;
				GCC_PREPROCESSOR_DEFINITIONS = (
					"DEBUG=1",
					"$(inherited)",
				);
				GCC_WARN_64_TO_32_BIT_CONVERSION = YES;
				GCC_WARN_ABOUT_RETURN_TYPE = YES_ERROR;
				GCC_WARN_UNDECLARED_SELECTOR = YES;
				GCC_WARN_UNINITIALIZED_AUTOS = YES_AGGRESSIVE;
				GCC_WARN_UNUSED_FUNCTION = YES;
				GCC_WARN_UNUSED_VARIABLE = YES;
				IPHONEOS_DEPLOYMENT_TARGET = 15.4;
				MTL_ENABLE_DEBUG_INFO = INCLUDE_SOURCE;
				MTL_FAST_MATH = YES;
				ONLY_ACTIVE_ARCH = YES;
				SDKROOT = iphoneos;
				SWIFT_ACTIVE_COMPILATION_CONDITIONS = DEBUG;
				SWIFT_OPTIMIZATION_LEVEL = "-Onone";
			};
			name = Debug;
		};
		05D9136C2843527100905309 /* Release */ = {
			isa = XCBuildConfiguration;
			buildSettings = {
				ALWAYS_SEARCH_USER_PATHS = NO;
				CLANG_ANALYZER_NONNULL = YES;
				CLANG_ANALYZER_NUMBER_OBJECT_CONVERSION = YES_AGGRESSIVE;
				CLANG_CXX_LANGUAGE_STANDARD = "gnu++17";
				CLANG_ENABLE_MODULES = YES;
				CLANG_ENABLE_OBJC_ARC = YES;
				CLANG_ENABLE_OBJC_WEAK = YES;
				CLANG_WARN_BLOCK_CAPTURE_AUTORELEASING = YES;
				CLANG_WARN_BOOL_CONVERSION = YES;
				CLANG_WARN_COMMA = YES;
				CLANG_WARN_CONSTANT_CONVERSION = YES;
				CLANG_WARN_DEPRECATED_OBJC_IMPLEMENTATIONS = YES;
				CLANG_WARN_DIRECT_OBJC_ISA_USAGE = YES_ERROR;
				CLANG_WARN_DOCUMENTATION_COMMENTS = YES;
				CLANG_WARN_EMPTY_BODY = YES;
				CLANG_WARN_ENUM_CONVERSION = YES;
				CLANG_WARN_INFINITE_RECURSION = YES;
				CLANG_WARN_INT_CONVERSION = YES;
				CLANG_WARN_NON_LITERAL_NULL_CONVERSION = YES;
				CLANG_WARN_OBJC_IMPLICIT_RETAIN_SELF = YES;
				CLANG_WARN_OBJC_LITERAL_CONVERSION = YES;
				CLANG_WARN_OBJC_ROOT_CLASS = YES_ERROR;
				CLANG_WARN_QUOTED_INCLUDE_IN_FRAMEWORK_HEADER = YES;
				CLANG_WARN_RANGE_LOOP_ANALYSIS = YES;
				CLANG_WARN_STRICT_PROTOTYPES = YES;
				CLANG_WARN_SUSPICIOUS_MOVE = YES;
				CLANG_WARN_UNGUARDED_AVAILABILITY = YES_AGGRESSIVE;
				CLANG_WARN_UNREACHABLE_CODE = YES;
				CLANG_WARN__DUPLICATE_METHOD_MATCH = YES;
				COPY_PHASE_STRIP = NO;
				DEBUG_INFORMATION_FORMAT = "dwarf-with-dsym";
				ENABLE_NS_ASSERTIONS = NO;
				ENABLE_STRICT_OBJC_MSGSEND = YES;
				GCC_C_LANGUAGE_STANDARD = gnu11;
				GCC_NO_COMMON_BLOCKS = YES;
				GCC_WARN_64_TO_32_BIT_CONVERSION = YES;
				GCC_WARN_ABOUT_RETURN_TYPE = YES_ERROR;
				GCC_WARN_UNDECLARED_SELECTOR = YES;
				GCC_WARN_UNINITIALIZED_AUTOS = YES_AGGRESSIVE;
				GCC_WARN_UNUSED_FUNCTION = YES;
				GCC_WARN_UNUSED_VARIABLE = YES;
				IPHONEOS_DEPLOYMENT_TARGET = 15.4;
				MTL_ENABLE_DEBUG_INFO = NO;
				MTL_FAST_MATH = YES;
				SDKROOT = iphoneos;
				SWIFT_COMPILATION_MODE = wholemodule;
				SWIFT_OPTIMIZATION_LEVEL = "-O";
				VALIDATE_PRODUCT = YES;
			};
			name = Release;
		};
		05D9136E2843527100905309 /* Debug */ = {
			isa = XCBuildConfiguration;
			buildSettings = {
				ASSETCATALOG_COMPILER_APPICON_NAME = AppIcon;
				ASSETCATALOG_COMPILER_GLOBAL_ACCENT_COLOR_NAME = AccentColor;
				CODE_SIGN_STYLE = Automatic;
				CURRENT_PROJECT_VERSION = 1;
				DEVELOPMENT_ASSET_PATHS = "\"Bulleyes/App/Preview Content\"";
				ENABLE_PREVIEWS = YES;
				GENERATE_INFOPLIST_FILE = YES;
				INFOPLIST_KEY_UIApplicationSceneManifest_Generation = YES;
				INFOPLIST_KEY_UIApplicationSupportsIndirectInputEvents = YES;
				INFOPLIST_KEY_UILaunchScreen_Generation = YES;
				INFOPLIST_KEY_UISupportedInterfaceOrientations_iPad = "UIInterfaceOrientationPortrait UIInterfaceOrientationPortraitUpsideDown UIInterfaceOrientationLandscapeLeft UIInterfaceOrientationLandscapeRight";
				INFOPLIST_KEY_UISupportedInterfaceOrientations_iPhone = "UIInterfaceOrientationPortrait UIInterfaceOrientationLandscapeLeft UIInterfaceOrientationLandscapeRight";
				LD_RUNPATH_SEARCH_PATHS = (
					"$(inherited)",
					"@executable_path/Frameworks",
				);
				MARKETING_VERSION = 1.0;
				PRODUCT_BUNDLE_IDENTIFIER = com.thanh.Bulleyes;
				PRODUCT_NAME = "$(TARGET_NAME)";
				SWIFT_EMIT_LOC_STRINGS = YES;
				SWIFT_VERSION = 5.0;
				TARGETED_DEVICE_FAMILY = "1,2";
			};
			name = Debug;
		};
		05D9136F2843527100905309 /* Release */ = {
			isa = XCBuildConfiguration;
			buildSettings = {
				ASSETCATALOG_COMPILER_APPICON_NAME = AppIcon;
				ASSETCATALOG_COMPILER_GLOBAL_ACCENT_COLOR_NAME = AccentColor;
				CODE_SIGN_STYLE = Automatic;
				CURRENT_PROJECT_VERSION = 1;
				DEVELOPMENT_ASSET_PATHS = "\"Bulleyes/App/Preview Content\"";
				ENABLE_PREVIEWS = YES;
				GENERATE_INFOPLIST_FILE = YES;
				INFOPLIST_KEY_UIApplicationSceneManifest_Generation = YES;
				INFOPLIST_KEY_UIApplicationSupportsIndirectInputEvents = YES;
				INFOPLIST_KEY_UILaunchScreen_Generation = YES;
				INFOPLIST_KEY_UISupportedInterfaceOrientations_iPad = "UIInterfaceOrientationPortrait UIInterfaceOrientationPortraitUpsideDown UIInterfaceOrientationLandscapeLeft UIInterfaceOrientationLandscapeRight";
				INFOPLIST_KEY_UISupportedInterfaceOrientations_iPhone = "UIInterfaceOrientationPortrait UIInterfaceOrientationLandscapeLeft UIInterfaceOrientationLandscapeRight";
				LD_RUNPATH_SEARCH_PATHS = (
					"$(inherited)",
					"@executable_path/Frameworks",
				);
				MARKETING_VERSION = 1.0;
				PRODUCT_BUNDLE_IDENTIFIER = com.thanh.Bulleyes;
				PRODUCT_NAME = "$(TARGET_NAME)";
				SWIFT_EMIT_LOC_STRINGS = YES;
				SWIFT_VERSION = 5.0;
				TARGETED_DEVICE_FAMILY = "1,2";
			};
			name = Release;
		};
		05D913712843527100905309 /* Debug */ = {
			isa = XCBuildConfiguration;
			buildSettings = {
				ALWAYS_EMBED_SWIFT_STANDARD_LIBRARIES = YES;
				BUNDLE_LOADER = "$(TEST_HOST)";
				CODE_SIGN_STYLE = Automatic;
				CURRENT_PROJECT_VERSION = 1;
				GENERATE_INFOPLIST_FILE = YES;
				IPHONEOS_DEPLOYMENT_TARGET = 15.4;
				MARKETING_VERSION = 1.0;
				PRODUCT_BUNDLE_IDENTIFIER = com.thanh.BulleyesTests;
				PRODUCT_NAME = "$(TARGET_NAME)";
				SWIFT_EMIT_LOC_STRINGS = NO;
				SWIFT_VERSION = 5.0;
				TARGETED_DEVICE_FAMILY = "1,2";
				TEST_HOST = "$(BUILT_PRODUCTS_DIR)/Bulleyes.app/Bulleyes";
			};
			name = Debug;
		};
		05D913722843527100905309 /* Release */ = {
			isa = XCBuildConfiguration;
			buildSettings = {
				ALWAYS_EMBED_SWIFT_STANDARD_LIBRARIES = YES;
				BUNDLE_LOADER = "$(TEST_HOST)";
				CODE_SIGN_STYLE = Automatic;
				CURRENT_PROJECT_VERSION = 1;
				GENERATE_INFOPLIST_FILE = YES;
				IPHONEOS_DEPLOYMENT_TARGET = 15.4;
				MARKETING_VERSION = 1.0;
				PRODUCT_BUNDLE_IDENTIFIER = com.thanh.BulleyesTests;
				PRODUCT_NAME = "$(TARGET_NAME)";
				SWIFT_EMIT_LOC_STRINGS = NO;
				SWIFT_VERSION = 5.0;
				TARGETED_DEVICE_FAMILY = "1,2";
				TEST_HOST = "$(BUILT_PRODUCTS_DIR)/Bulleyes.app/Bulleyes";
			};
			name = Release;
		};
		05D913742843527100905309 /* Debug */ = {
			isa = XCBuildConfiguration;
			buildSettings = {
				ALWAYS_EMBED_SWIFT_STANDARD_LIBRARIES = YES;
				CODE_SIGN_STYLE = Automatic;
				CURRENT_PROJECT_VERSION = 1;
				GENERATE_INFOPLIST_FILE = YES;
				MARKETING_VERSION = 1.0;
				PRODUCT_BUNDLE_IDENTIFIER = com.thanh.BulleyesUITests;
				PRODUCT_NAME = "$(TARGET_NAME)";
				SWIFT_EMIT_LOC_STRINGS = NO;
				SWIFT_VERSION = 5.0;
				TARGETED_DEVICE_FAMILY = "1,2";
				TEST_TARGET_NAME = Bulleyes;
			};
			name = Debug;
		};
		05D913752843527100905309 /* Release */ = {
			isa = XCBuildConfiguration;
			buildSettings = {
				ALWAYS_EMBED_SWIFT_STANDARD_LIBRARIES = YES;
				CODE_SIGN_STYLE = Automatic;
				CURRENT_PROJECT_VERSION = 1;
				GENERATE_INFOPLIST_FILE = YES;
				MARKETING_VERSION = 1.0;
				PRODUCT_BUNDLE_IDENTIFIER = com.thanh.BulleyesUITests;
				PRODUCT_NAME = "$(TARGET_NAME)";
				SWIFT_EMIT_LOC_STRINGS = NO;
				SWIFT_VERSION = 5.0;
				TARGETED_DEVICE_FAMILY = "1,2";
				TEST_TARGET_NAME = Bulleyes;
			};
			name = Release;
		};
/* End XCBuildConfiguration section */

/* Begin XCConfigurationList section */
		05D913442843526C00905309 /* Build configuration list for PBXProject "Bulleyes" */ = {
			isa = XCConfigurationList;
			buildConfigurations = (
				05D9136B2843527100905309 /* Debug */,
				05D9136C2843527100905309 /* Release */,
			);
			defaultConfigurationIsVisible = 0;
			defaultConfigurationName = Release;
		};
		05D9136D2843527100905309 /* Build configuration list for PBXNativeTarget "Bulleyes" */ = {
			isa = XCConfigurationList;
			buildConfigurations = (
				05D9136E2843527100905309 /* Debug */,
				05D9136F2843527100905309 /* Release */,
			);
			defaultConfigurationIsVisible = 0;
			defaultConfigurationName = Release;
		};
		05D913702843527100905309 /* Build configuration list for PBXNativeTarget "BulleyesTests" */ = {
			isa = XCConfigurationList;
			buildConfigurations = (
				05D913712843527100905309 /* Debug */,
				05D913722843527100905309 /* Release */,
			);
			defaultConfigurationIsVisible = 0;
			defaultConfigurationName = Release;
		};
		05D913732843527100905309 /* Build configuration list for PBXNativeTarget "BulleyesUITests" */ = {
			isa = XCConfigurationList;
			buildConfigurations = (
				05D913742843527100905309 /* Debug */,
				05D913752843527100905309 /* Release */,
			);
			defaultConfigurationIsVisible = 0;
			defaultConfigurationName = Release;
		};
/* End XCConfigurationList section */
	};
	rootObject = 05D913412843526C00905309 /* Project object */;
}
